
Microsoft Visual Studio Solution File, Format Version 12.00
# Visual Studio Version 17
VisualStudioVersion = 17.11.35222.181
MinimumVisualStudioVersion = 10.0.40219.1
Project("{8BC9CEB8-8B4A-11D0-8D11-00A0C91BC942}") = "tester_MySQL", "tester_MySQL\tester_MySQL.vcxproj", "{F4FECD37-6755-4184-8AE9-88B35550F302}"
EndProject
Global
	GlobalSection(SolutionConfigurationPlatforms) = preSolution
		Debug|x64 = Debug|x64
		Debug|x86 = Debug|x86
		Release|x64 = Release|x64
		Release|x86 = Release|x86
	EndGlobalSection
	GlobalSection(ProjectConfigurationPlatforms) = postSolution
		{F4FECD37-6755-4184-8AE9-88B35550F302}.Debug|x64.ActiveCfg = Debug|x64
		{F4FECD37-6755-4184-8AE9-88B35550F302}.Debug|x64.Build.0 = Debug|x64
		{F4FECD37-6755-4184-8AE9-88B35550F302}.Debug|x86.ActiveCfg = Debug|Win32
		{F4FECD37-6755-4184-8AE9-88B35550F302}.Debug|x86.Build.0 = Debug|Win32
		{F4FECD37-6755-4184-8AE9-88B35550F302}.Release|x64.ActiveCfg = Release|x64
		{F4FECD37-6755-4184-8AE9-88B35550F302}.Release|x64.Build.0 = Release|x64
		{F4FECD37-6755-4184-8AE9-88B35550F302}.Release|x86.ActiveCfg = Release|Win32
		{F4FECD37-6755-4184-8AE9-88B35550F302}.Release|x86.Build.0 = Release|Win32
	EndGlobalSection
	GlobalSection(SolutionProperties) = preSolution
		HideSolutionNode = FALSE
	EndGlobalSection
	GlobalSection(ExtensibilityGlobals) = postSolution
		SolutionGuid = {BC2E55F6-4D6A-44CC-802A-670DA584366D}
	EndGlobalSection
EndGlobal
